
Microsoft Visual Studio Solution File, Format Version 12.00
# Visual Studio 15
VisualStudioVersion = 15.0.28307.705
MinimumVisualStudioVersion = 10.0.40219.1
Project("{8BC9CEB8-8B4A-11D0-8D11-00A0C91BC942}") = "maze_0714", "maze_0714\maze_0714.vcxproj", "{3109A1F5-9C8B-4F44-865F-06B942925707}"
EndProject
Global
	GlobalSection(SolutionConfigurationPlatforms) = preSolution
		Debug|x64 = Debug|x64
		Debug|x86 = Debug|x86
		Release|x64 = Release|x64
		Release|x86 = Release|x86
	EndGlobalSection
	GlobalSection(ProjectConfigurationPlatforms) = postSolution
		{3109A1F5-9C8B-4F44-865F-06B942925707}.Debug|x64.ActiveCfg = Debug|x64
		{3109A1F5-9C8B-4F44-865F-06B942925707}.Debug|x64.Build.0 = Debug|x64
		{3109A1F5-9C8B-4F44-865F-06B942925707}.Debug|x86.ActiveCfg = Debug|Win32
		{3109A1F5-9C8B-4F44-865F-06B942925707}.Debug|x86.Build.0 = Debug|Win32
		{3109A1F5-9C8B-4F44-865F-06B942925707}.Release|x64.ActiveCfg = Release|x64
		{3109A1F5-9C8B-4F44-865F-06B942925707}.Release|x64.Build.0 = Release|x64
		{3109A1F5-9C8B-4F44-865F-06B942925707}.Release|x86.ActiveCfg = Release|Win32
		{3109A1F5-9C8B-4F44-865F-06B942925707}.Release|x86.Build.0 = Release|Win32
	EndGlobalSection
	GlobalSection(SolutionProperties) = preSolution
		HideSolutionNode = FALSE
	EndGlobalSection
	GlobalSection(ExtensibilityGlobals) = postSolution
		SolutionGuid = {0CAEF0A0-8BC7-4838-B437-C32ED30C21ED}
	EndGlobalSection
EndGlobal
