
Microsoft Visual Studio Solution File, Format Version 12.00
# Visual Studio 15
VisualStudioVersion = 15.0.28307.329
MinimumVisualStudioVersion = 10.0.40219.1
Project("{8BC9CEB8-8B4A-11D0-8D11-00A0C91BC942}") = "maze_0217", "maze_0217\maze_0217.vcxproj", "{EBBC87E4-6ED5-4034-88B7-E208683195BC}"
EndProject
Global
	GlobalSection(SolutionConfigurationPlatforms) = preSolution
		Debug|x64 = Debug|x64
		Debug|x86 = Debug|x86
		Release|x64 = Release|x64
		Release|x86 = Release|x86
	EndGlobalSection
	GlobalSection(ProjectConfigurationPlatforms) = postSolution
		{EBBC87E4-6ED5-4034-88B7-E208683195BC}.Debug|x64.ActiveCfg = Debug|x64
		{EBBC87E4-6ED5-4034-88B7-E208683195BC}.Debug|x64.Build.0 = Debug|x64
		{EBBC87E4-6ED5-4034-88B7-E208683195BC}.Debug|x86.ActiveCfg = Debug|Win32
		{EBBC87E4-6ED5-4034-88B7-E208683195BC}.Debug|x86.Build.0 = Debug|Win32
		{EBBC87E4-6ED5-4034-88B7-E208683195BC}.Release|x64.ActiveCfg = Release|x64
		{EBBC87E4-6ED5-4034-88B7-E208683195BC}.Release|x64.Build.0 = Release|x64
		{EBBC87E4-6ED5-4034-88B7-E208683195BC}.Release|x86.ActiveCfg = Release|Win32
		{EBBC87E4-6ED5-4034-88B7-E208683195BC}.Release|x86.Build.0 = Release|Win32
	EndGlobalSection
	GlobalSection(SolutionProperties) = preSolution
		HideSolutionNode = FALSE
	EndGlobalSection
	GlobalSection(ExtensibilityGlobals) = postSolution
		SolutionGuid = {682B3A92-E2A6-471A-953F-C62095C14230}
	EndGlobalSection
EndGlobal
