
Microsoft Visual Studio Solution File, Format Version 12.00
# Visual Studio 15
VisualStudioVersion = 15.0.28307.705
MinimumVisualStudioVersion = 10.0.40219.1
Project("{8BC9CEB8-8B4A-11D0-8D11-00A0C91BC942}") = "win32_test_0717", "win32_test_0717\win32_test_0717.vcxproj", "{46C74729-00A4-4E09-9D26-885CCBF0C693}"
EndProject
Global
	GlobalSection(SolutionConfigurationPlatforms) = preSolution
		Debug|x64 = Debug|x64
		Debug|x86 = Debug|x86
		Release|x64 = Release|x64
		Release|x86 = Release|x86
	EndGlobalSection
	GlobalSection(ProjectConfigurationPlatforms) = postSolution
		{46C74729-00A4-4E09-9D26-885CCBF0C693}.Debug|x64.ActiveCfg = Debug|x64
		{46C74729-00A4-4E09-9D26-885CCBF0C693}.Debug|x64.Build.0 = Debug|x64
		{46C74729-00A4-4E09-9D26-885CCBF0C693}.Debug|x86.ActiveCfg = Debug|Win32
		{46C74729-00A4-4E09-9D26-885CCBF0C693}.Debug|x86.Build.0 = Debug|Win32
		{46C74729-00A4-4E09-9D26-885CCBF0C693}.Release|x64.ActiveCfg = Release|x64
		{46C74729-00A4-4E09-9D26-885CCBF0C693}.Release|x64.Build.0 = Release|x64
		{46C74729-00A4-4E09-9D26-885CCBF0C693}.Release|x86.ActiveCfg = Release|Win32
		{46C74729-00A4-4E09-9D26-885CCBF0C693}.Release|x86.Build.0 = Release|Win32
	EndGlobalSection
	GlobalSection(SolutionProperties) = preSolution
		HideSolutionNode = FALSE
	EndGlobalSection
	GlobalSection(ExtensibilityGlobals) = postSolution
		SolutionGuid = {42ADE96B-C676-4FD1-B75A-CD09F2EECA57}
	EndGlobalSection
EndGlobal
