
Microsoft Visual Studio Solution File, Format Version 12.00
# Visual Studio 15
VisualStudioVersion = 15.0.28307.705
MinimumVisualStudioVersion = 10.0.40219.1
Project("{8BC9CEB8-8B4A-11D0-8D11-00A0C91BC942}") = "maze_0729", "maze_0729\maze_0729.vcxproj", "{A1B14C98-FEDB-41F0-A233-1AC030ED7A85}"
EndProject
Global
	GlobalSection(SolutionConfigurationPlatforms) = preSolution
		Debug|x64 = Debug|x64
		Debug|x86 = Debug|x86
		Release|x64 = Release|x64
		Release|x86 = Release|x86
	EndGlobalSection
	GlobalSection(ProjectConfigurationPlatforms) = postSolution
		{A1B14C98-FEDB-41F0-A233-1AC030ED7A85}.Debug|x64.ActiveCfg = Debug|x64
		{A1B14C98-FEDB-41F0-A233-1AC030ED7A85}.Debug|x64.Build.0 = Debug|x64
		{A1B14C98-FEDB-41F0-A233-1AC030ED7A85}.Debug|x86.ActiveCfg = Debug|Win32
		{A1B14C98-FEDB-41F0-A233-1AC030ED7A85}.Debug|x86.Build.0 = Debug|Win32
		{A1B14C98-FEDB-41F0-A233-1AC030ED7A85}.Release|x64.ActiveCfg = Release|x64
		{A1B14C98-FEDB-41F0-A233-1AC030ED7A85}.Release|x64.Build.0 = Release|x64
		{A1B14C98-FEDB-41F0-A233-1AC030ED7A85}.Release|x86.ActiveCfg = Release|Win32
		{A1B14C98-FEDB-41F0-A233-1AC030ED7A85}.Release|x86.Build.0 = Release|Win32
	EndGlobalSection
	GlobalSection(SolutionProperties) = preSolution
		HideSolutionNode = FALSE
	EndGlobalSection
	GlobalSection(ExtensibilityGlobals) = postSolution
		SolutionGuid = {DA392D7A-B856-40AA-8062-42414B94EADC}
	EndGlobalSection
EndGlobal
