
Microsoft Visual Studio Solution File, Format Version 12.00
# Visual Studio 15
VisualStudioVersion = 15.0.28307.705
MinimumVisualStudioVersion = 10.0.40219.1
Project("{8BC9CEB8-8B4A-11D0-8D11-00A0C91BC942}") = "maze_0705_c++多态", "maze_0705_c++多态\maze_0705_c++多态.vcxproj", "{889759ED-F164-4B44-94BC-4C6CF35F4665}"
EndProject
Global
	GlobalSection(SolutionConfigurationPlatforms) = preSolution
		Debug|x64 = Debug|x64
		Debug|x86 = Debug|x86
		Release|x64 = Release|x64
		Release|x86 = Release|x86
	EndGlobalSection
	GlobalSection(ProjectConfigurationPlatforms) = postSolution
		{889759ED-F164-4B44-94BC-4C6CF35F4665}.Debug|x64.ActiveCfg = Debug|x64
		{889759ED-F164-4B44-94BC-4C6CF35F4665}.Debug|x64.Build.0 = Debug|x64
		{889759ED-F164-4B44-94BC-4C6CF35F4665}.Debug|x86.ActiveCfg = Debug|Win32
		{889759ED-F164-4B44-94BC-4C6CF35F4665}.Debug|x86.Build.0 = Debug|Win32
		{889759ED-F164-4B44-94BC-4C6CF35F4665}.Release|x64.ActiveCfg = Release|x64
		{889759ED-F164-4B44-94BC-4C6CF35F4665}.Release|x64.Build.0 = Release|x64
		{889759ED-F164-4B44-94BC-4C6CF35F4665}.Release|x86.ActiveCfg = Release|Win32
		{889759ED-F164-4B44-94BC-4C6CF35F4665}.Release|x86.Build.0 = Release|Win32
	EndGlobalSection
	GlobalSection(SolutionProperties) = preSolution
		HideSolutionNode = FALSE
	EndGlobalSection
	GlobalSection(ExtensibilityGlobals) = postSolution
		SolutionGuid = {A7BE96C8-1136-42A6-9412-3428634AF3FF}
	EndGlobalSection
EndGlobal
