
Microsoft Visual Studio Solution File, Format Version 12.00
# Visual Studio 15
VisualStudioVersion = 15.0.28307.329
MinimumVisualStudioVersion = 10.0.40219.1
Project("{8BC9CEB8-8B4A-11D0-8D11-00A0C91BC942}") = "maze_0520", "maze_0520\maze_0520.vcxproj", "{DB8D2504-1CEB-48FE-9EA4-B151FC7FB1D2}"
EndProject
Global
	GlobalSection(SolutionConfigurationPlatforms) = preSolution
		Debug|x64 = Debug|x64
		Debug|x86 = Debug|x86
		Release|x64 = Release|x64
		Release|x86 = Release|x86
	EndGlobalSection
	GlobalSection(ProjectConfigurationPlatforms) = postSolution
		{DB8D2504-1CEB-48FE-9EA4-B151FC7FB1D2}.Debug|x64.ActiveCfg = Debug|x64
		{DB8D2504-1CEB-48FE-9EA4-B151FC7FB1D2}.Debug|x64.Build.0 = Debug|x64
		{DB8D2504-1CEB-48FE-9EA4-B151FC7FB1D2}.Debug|x86.ActiveCfg = Debug|Win32
		{DB8D2504-1CEB-48FE-9EA4-B151FC7FB1D2}.Debug|x86.Build.0 = Debug|Win32
		{DB8D2504-1CEB-48FE-9EA4-B151FC7FB1D2}.Release|x64.ActiveCfg = Release|x64
		{DB8D2504-1CEB-48FE-9EA4-B151FC7FB1D2}.Release|x64.Build.0 = Release|x64
		{DB8D2504-1CEB-48FE-9EA4-B151FC7FB1D2}.Release|x86.ActiveCfg = Release|Win32
		{DB8D2504-1CEB-48FE-9EA4-B151FC7FB1D2}.Release|x86.Build.0 = Release|Win32
	EndGlobalSection
	GlobalSection(SolutionProperties) = preSolution
		HideSolutionNode = FALSE
	EndGlobalSection
	GlobalSection(ExtensibilityGlobals) = postSolution
		SolutionGuid = {445582A8-4228-4088-8D81-47A08E437A68}
	EndGlobalSection
EndGlobal
