
Microsoft Visual Studio Solution File, Format Version 12.00
# Visual Studio 15
VisualStudioVersion = 15.0.28307.329
MinimumVisualStudioVersion = 10.0.40219.1
Project("{8BC9CEB8-8B4A-11D0-8D11-00A0C91BC942}") = "maze_0602", "maze_0602\maze_0602.vcxproj", "{F587B745-B611-40FD-8933-E2F6BD2017DD}"
EndProject
Global
	GlobalSection(SolutionConfigurationPlatforms) = preSolution
		Debug|x64 = Debug|x64
		Debug|x86 = Debug|x86
		Release|x64 = Release|x64
		Release|x86 = Release|x86
	EndGlobalSection
	GlobalSection(ProjectConfigurationPlatforms) = postSolution
		{F587B745-B611-40FD-8933-E2F6BD2017DD}.Debug|x64.ActiveCfg = Debug|x64
		{F587B745-B611-40FD-8933-E2F6BD2017DD}.Debug|x64.Build.0 = Debug|x64
		{F587B745-B611-40FD-8933-E2F6BD2017DD}.Debug|x86.ActiveCfg = Debug|Win32
		{F587B745-B611-40FD-8933-E2F6BD2017DD}.Debug|x86.Build.0 = Debug|Win32
		{F587B745-B611-40FD-8933-E2F6BD2017DD}.Release|x64.ActiveCfg = Release|x64
		{F587B745-B611-40FD-8933-E2F6BD2017DD}.Release|x64.Build.0 = Release|x64
		{F587B745-B611-40FD-8933-E2F6BD2017DD}.Release|x86.ActiveCfg = Release|Win32
		{F587B745-B611-40FD-8933-E2F6BD2017DD}.Release|x86.Build.0 = Release|Win32
	EndGlobalSection
	GlobalSection(SolutionProperties) = preSolution
		HideSolutionNode = FALSE
	EndGlobalSection
	GlobalSection(ExtensibilityGlobals) = postSolution
		SolutionGuid = {D0A769E5-2201-45BF-82D9-E75B13DD06CB}
	EndGlobalSection
EndGlobal
