
Microsoft Visual Studio Solution File, Format Version 12.00
# Visual Studio 15
VisualStudioVersion = 15.0.28307.329
MinimumVisualStudioVersion = 10.0.40219.1
Project("{8BC9CEB8-8B4A-11D0-8D11-00A0C91BC942}") = "maze_0529", "maze_0529\maze_0529.vcxproj", "{9BC46A12-9B1F-448E-8083-306E337D2756}"
EndProject
Global
	GlobalSection(SolutionConfigurationPlatforms) = preSolution
		Debug|x64 = Debug|x64
		Debug|x86 = Debug|x86
		Release|x64 = Release|x64
		Release|x86 = Release|x86
	EndGlobalSection
	GlobalSection(ProjectConfigurationPlatforms) = postSolution
		{9BC46A12-9B1F-448E-8083-306E337D2756}.Debug|x64.ActiveCfg = Debug|x64
		{9BC46A12-9B1F-448E-8083-306E337D2756}.Debug|x64.Build.0 = Debug|x64
		{9BC46A12-9B1F-448E-8083-306E337D2756}.Debug|x86.ActiveCfg = Debug|Win32
		{9BC46A12-9B1F-448E-8083-306E337D2756}.Debug|x86.Build.0 = Debug|Win32
		{9BC46A12-9B1F-448E-8083-306E337D2756}.Release|x64.ActiveCfg = Release|x64
		{9BC46A12-9B1F-448E-8083-306E337D2756}.Release|x64.Build.0 = Release|x64
		{9BC46A12-9B1F-448E-8083-306E337D2756}.Release|x86.ActiveCfg = Release|Win32
		{9BC46A12-9B1F-448E-8083-306E337D2756}.Release|x86.Build.0 = Release|Win32
	EndGlobalSection
	GlobalSection(SolutionProperties) = preSolution
		HideSolutionNode = FALSE
	EndGlobalSection
	GlobalSection(ExtensibilityGlobals) = postSolution
		SolutionGuid = {1BDF86EB-1676-4B79-8198-A8A3826C0E06}
	EndGlobalSection
EndGlobal
