
Microsoft Visual Studio Solution File, Format Version 12.00
# Visual Studio 15
VisualStudioVersion = 15.0.28307.329
MinimumVisualStudioVersion = 10.0.40219.1
Project("{8BC9CEB8-8B4A-11D0-8D11-00A0C91BC942}") = "maze_0605", "maze_0605\maze_0605.vcxproj", "{27201666-C7EA-4987-B4F3-B93DBACE3968}"
EndProject
Global
	GlobalSection(SolutionConfigurationPlatforms) = preSolution
		Debug|x64 = Debug|x64
		Debug|x86 = Debug|x86
		Release|x64 = Release|x64
		Release|x86 = Release|x86
	EndGlobalSection
	GlobalSection(ProjectConfigurationPlatforms) = postSolution
		{27201666-C7EA-4987-B4F3-B93DBACE3968}.Debug|x64.ActiveCfg = Debug|x64
		{27201666-C7EA-4987-B4F3-B93DBACE3968}.Debug|x64.Build.0 = Debug|x64
		{27201666-C7EA-4987-B4F3-B93DBACE3968}.Debug|x86.ActiveCfg = Debug|Win32
		{27201666-C7EA-4987-B4F3-B93DBACE3968}.Debug|x86.Build.0 = Debug|Win32
		{27201666-C7EA-4987-B4F3-B93DBACE3968}.Release|x64.ActiveCfg = Release|x64
		{27201666-C7EA-4987-B4F3-B93DBACE3968}.Release|x64.Build.0 = Release|x64
		{27201666-C7EA-4987-B4F3-B93DBACE3968}.Release|x86.ActiveCfg = Release|Win32
		{27201666-C7EA-4987-B4F3-B93DBACE3968}.Release|x86.Build.0 = Release|Win32
	EndGlobalSection
	GlobalSection(SolutionProperties) = preSolution
		HideSolutionNode = FALSE
	EndGlobalSection
	GlobalSection(ExtensibilityGlobals) = postSolution
		SolutionGuid = {6500A8D9-EEBE-4DC8-957D-DDC12C0048DA}
	EndGlobalSection
EndGlobal
