
Microsoft Visual Studio Solution File, Format Version 12.00
# Visual Studio 15
VisualStudioVersion = 15.0.28307.705
MinimumVisualStudioVersion = 10.0.40219.1
Project("{8BC9CEB8-8B4A-11D0-8D11-00A0C91BC942}") = "maze_0703_oj", "maze_0703_oj\maze_0703_oj.vcxproj", "{B140A3E8-C8A0-4EC4-B8D9-5F2381253B88}"
EndProject
Global
	GlobalSection(SolutionConfigurationPlatforms) = preSolution
		Debug|x64 = Debug|x64
		Debug|x86 = Debug|x86
		Release|x64 = Release|x64
		Release|x86 = Release|x86
	EndGlobalSection
	GlobalSection(ProjectConfigurationPlatforms) = postSolution
		{B140A3E8-C8A0-4EC4-B8D9-5F2381253B88}.Debug|x64.ActiveCfg = Debug|x64
		{B140A3E8-C8A0-4EC4-B8D9-5F2381253B88}.Debug|x64.Build.0 = Debug|x64
		{B140A3E8-C8A0-4EC4-B8D9-5F2381253B88}.Debug|x86.ActiveCfg = Debug|Win32
		{B140A3E8-C8A0-4EC4-B8D9-5F2381253B88}.Debug|x86.Build.0 = Debug|Win32
		{B140A3E8-C8A0-4EC4-B8D9-5F2381253B88}.Release|x64.ActiveCfg = Release|x64
		{B140A3E8-C8A0-4EC4-B8D9-5F2381253B88}.Release|x64.Build.0 = Release|x64
		{B140A3E8-C8A0-4EC4-B8D9-5F2381253B88}.Release|x86.ActiveCfg = Release|Win32
		{B140A3E8-C8A0-4EC4-B8D9-5F2381253B88}.Release|x86.Build.0 = Release|Win32
	EndGlobalSection
	GlobalSection(SolutionProperties) = preSolution
		HideSolutionNode = FALSE
	EndGlobalSection
	GlobalSection(ExtensibilityGlobals) = postSolution
		SolutionGuid = {A94DA4FC-9FC8-4CAC-A885-1AEF994A7C63}
	EndGlobalSection
EndGlobal
