
Microsoft Visual Studio Solution File, Format Version 12.00
# Visual Studio 15
VisualStudioVersion = 15.0.28307.329
MinimumVisualStudioVersion = 10.0.40219.1
Project("{8BC9CEB8-8B4A-11D0-8D11-00A0C91BC942}") = "maze_0218", "maze_0218\maze_0218.vcxproj", "{103D5F05-128D-429C-BA0E-E11C70F590CA}"
EndProject
Global
	GlobalSection(SolutionConfigurationPlatforms) = preSolution
		Debug|x64 = Debug|x64
		Debug|x86 = Debug|x86
		Release|x64 = Release|x64
		Release|x86 = Release|x86
	EndGlobalSection
	GlobalSection(ProjectConfigurationPlatforms) = postSolution
		{103D5F05-128D-429C-BA0E-E11C70F590CA}.Debug|x64.ActiveCfg = Debug|x64
		{103D5F05-128D-429C-BA0E-E11C70F590CA}.Debug|x64.Build.0 = Debug|x64
		{103D5F05-128D-429C-BA0E-E11C70F590CA}.Debug|x86.ActiveCfg = Debug|Win32
		{103D5F05-128D-429C-BA0E-E11C70F590CA}.Debug|x86.Build.0 = Debug|Win32
		{103D5F05-128D-429C-BA0E-E11C70F590CA}.Release|x64.ActiveCfg = Release|x64
		{103D5F05-128D-429C-BA0E-E11C70F590CA}.Release|x64.Build.0 = Release|x64
		{103D5F05-128D-429C-BA0E-E11C70F590CA}.Release|x86.ActiveCfg = Release|Win32
		{103D5F05-128D-429C-BA0E-E11C70F590CA}.Release|x86.Build.0 = Release|Win32
	EndGlobalSection
	GlobalSection(SolutionProperties) = preSolution
		HideSolutionNode = FALSE
	EndGlobalSection
	GlobalSection(ExtensibilityGlobals) = postSolution
		SolutionGuid = {B1AE886E-3BBE-461E-8D69-4EE426CA1C0B}
	EndGlobalSection
EndGlobal
