
Microsoft Visual Studio Solution File, Format Version 12.00
# Visual Studio 15
VisualStudioVersion = 15.0.28307.329
MinimumVisualStudioVersion = 10.0.40219.1
Project("{8BC9CEB8-8B4A-11D0-8D11-00A0C91BC942}") = "maze_0223", "maze_0223\maze_0223.vcxproj", "{E688B7E8-6606-498D-B5AD-B4E58EF0E7F4}"
EndProject
Global
	GlobalSection(SolutionConfigurationPlatforms) = preSolution
		Debug|x64 = Debug|x64
		Debug|x86 = Debug|x86
		Release|x64 = Release|x64
		Release|x86 = Release|x86
	EndGlobalSection
	GlobalSection(ProjectConfigurationPlatforms) = postSolution
		{E688B7E8-6606-498D-B5AD-B4E58EF0E7F4}.Debug|x64.ActiveCfg = Debug|x64
		{E688B7E8-6606-498D-B5AD-B4E58EF0E7F4}.Debug|x64.Build.0 = Debug|x64
		{E688B7E8-6606-498D-B5AD-B4E58EF0E7F4}.Debug|x86.ActiveCfg = Debug|Win32
		{E688B7E8-6606-498D-B5AD-B4E58EF0E7F4}.Debug|x86.Build.0 = Debug|Win32
		{E688B7E8-6606-498D-B5AD-B4E58EF0E7F4}.Release|x64.ActiveCfg = Release|x64
		{E688B7E8-6606-498D-B5AD-B4E58EF0E7F4}.Release|x64.Build.0 = Release|x64
		{E688B7E8-6606-498D-B5AD-B4E58EF0E7F4}.Release|x86.ActiveCfg = Release|Win32
		{E688B7E8-6606-498D-B5AD-B4E58EF0E7F4}.Release|x86.Build.0 = Release|Win32
	EndGlobalSection
	GlobalSection(SolutionProperties) = preSolution
		HideSolutionNode = FALSE
	EndGlobalSection
	GlobalSection(ExtensibilityGlobals) = postSolution
		SolutionGuid = {796F8ADB-2121-4958-92E0-2B7C7A2EF2B5}
	EndGlobalSection
EndGlobal
