
Microsoft Visual Studio Solution File, Format Version 12.00
# Visual Studio 15
VisualStudioVersion = 15.0.28307.329
MinimumVisualStudioVersion = 10.0.40219.1
Project("{8BC9CEB8-8B4A-11D0-8D11-00A0C91BC942}") = "maze_0415", "maze_0415\maze_0415.vcxproj", "{2D24F96C-7373-4252-A98B-AA84BE40B74A}"
EndProject
Global
	GlobalSection(SolutionConfigurationPlatforms) = preSolution
		Debug|x64 = Debug|x64
		Debug|x86 = Debug|x86
		Release|x64 = Release|x64
		Release|x86 = Release|x86
	EndGlobalSection
	GlobalSection(ProjectConfigurationPlatforms) = postSolution
		{2D24F96C-7373-4252-A98B-AA84BE40B74A}.Debug|x64.ActiveCfg = Debug|x64
		{2D24F96C-7373-4252-A98B-AA84BE40B74A}.Debug|x64.Build.0 = Debug|x64
		{2D24F96C-7373-4252-A98B-AA84BE40B74A}.Debug|x86.ActiveCfg = Debug|Win32
		{2D24F96C-7373-4252-A98B-AA84BE40B74A}.Debug|x86.Build.0 = Debug|Win32
		{2D24F96C-7373-4252-A98B-AA84BE40B74A}.Release|x64.ActiveCfg = Release|x64
		{2D24F96C-7373-4252-A98B-AA84BE40B74A}.Release|x64.Build.0 = Release|x64
		{2D24F96C-7373-4252-A98B-AA84BE40B74A}.Release|x86.ActiveCfg = Release|Win32
		{2D24F96C-7373-4252-A98B-AA84BE40B74A}.Release|x86.Build.0 = Release|Win32
	EndGlobalSection
	GlobalSection(SolutionProperties) = preSolution
		HideSolutionNode = FALSE
	EndGlobalSection
	GlobalSection(ExtensibilityGlobals) = postSolution
		SolutionGuid = {61B13508-D1EA-49D5-8C33-773B140E5D31}
	EndGlobalSection
EndGlobal
