
Microsoft Visual Studio Solution File, Format Version 12.00
# Visual Studio 15
VisualStudioVersion = 15.0.28307.329
MinimumVisualStudioVersion = 10.0.40219.1
Project("{8BC9CEB8-8B4A-11D0-8D11-00A0C91BC942}") = "maze_0213", "maze_0213\maze_0213.vcxproj", "{365D5729-1A4B-4B14-AABD-33265C167A00}"
EndProject
Global
	GlobalSection(SolutionConfigurationPlatforms) = preSolution
		Debug|x64 = Debug|x64
		Debug|x86 = Debug|x86
		Release|x64 = Release|x64
		Release|x86 = Release|x86
	EndGlobalSection
	GlobalSection(ProjectConfigurationPlatforms) = postSolution
		{365D5729-1A4B-4B14-AABD-33265C167A00}.Debug|x64.ActiveCfg = Debug|x64
		{365D5729-1A4B-4B14-AABD-33265C167A00}.Debug|x64.Build.0 = Debug|x64
		{365D5729-1A4B-4B14-AABD-33265C167A00}.Debug|x86.ActiveCfg = Debug|Win32
		{365D5729-1A4B-4B14-AABD-33265C167A00}.Debug|x86.Build.0 = Debug|Win32
		{365D5729-1A4B-4B14-AABD-33265C167A00}.Release|x64.ActiveCfg = Release|x64
		{365D5729-1A4B-4B14-AABD-33265C167A00}.Release|x64.Build.0 = Release|x64
		{365D5729-1A4B-4B14-AABD-33265C167A00}.Release|x86.ActiveCfg = Release|Win32
		{365D5729-1A4B-4B14-AABD-33265C167A00}.Release|x86.Build.0 = Release|Win32
	EndGlobalSection
	GlobalSection(SolutionProperties) = preSolution
		HideSolutionNode = FALSE
	EndGlobalSection
	GlobalSection(ExtensibilityGlobals) = postSolution
		SolutionGuid = {37284E18-8FF9-4F50-AF6C-F206D8570915}
	EndGlobalSection
EndGlobal
