
Microsoft Visual Studio Solution File, Format Version 12.00
# Visual Studio 15
VisualStudioVersion = 15.0.28307.329
MinimumVisualStudioVersion = 10.0.40219.1
Project("{8BC9CEB8-8B4A-11D0-8D11-00A0C91BC942}") = "maze_0409", "maze_0409\maze_0409.vcxproj", "{20B17963-C5E7-46AF-A9FC-0C716134BFF1}"
EndProject
Global
	GlobalSection(SolutionConfigurationPlatforms) = preSolution
		Debug|x64 = Debug|x64
		Debug|x86 = Debug|x86
		Release|x64 = Release|x64
		Release|x86 = Release|x86
	EndGlobalSection
	GlobalSection(ProjectConfigurationPlatforms) = postSolution
		{20B17963-C5E7-46AF-A9FC-0C716134BFF1}.Debug|x64.ActiveCfg = Debug|x64
		{20B17963-C5E7-46AF-A9FC-0C716134BFF1}.Debug|x64.Build.0 = Debug|x64
		{20B17963-C5E7-46AF-A9FC-0C716134BFF1}.Debug|x86.ActiveCfg = Debug|Win32
		{20B17963-C5E7-46AF-A9FC-0C716134BFF1}.Debug|x86.Build.0 = Debug|Win32
		{20B17963-C5E7-46AF-A9FC-0C716134BFF1}.Release|x64.ActiveCfg = Release|x64
		{20B17963-C5E7-46AF-A9FC-0C716134BFF1}.Release|x64.Build.0 = Release|x64
		{20B17963-C5E7-46AF-A9FC-0C716134BFF1}.Release|x86.ActiveCfg = Release|Win32
		{20B17963-C5E7-46AF-A9FC-0C716134BFF1}.Release|x86.Build.0 = Release|Win32
	EndGlobalSection
	GlobalSection(SolutionProperties) = preSolution
		HideSolutionNode = FALSE
	EndGlobalSection
	GlobalSection(ExtensibilityGlobals) = postSolution
		SolutionGuid = {F74C9290-08F7-4926-98D3-F08E1C557179}
	EndGlobalSection
EndGlobal
