
Microsoft Visual Studio Solution File, Format Version 12.00
# Visual Studio 15
VisualStudioVersion = 15.0.28307.329
MinimumVisualStudioVersion = 10.0.40219.1
Project("{8BC9CEB8-8B4A-11D0-8D11-00A0C91BC942}") = "maze_0519", "maze_0519\maze_0519.vcxproj", "{88E0E383-C2FD-4AE5-9827-9934F5C521A4}"
EndProject
Global
	GlobalSection(SolutionConfigurationPlatforms) = preSolution
		Debug|x64 = Debug|x64
		Debug|x86 = Debug|x86
		Release|x64 = Release|x64
		Release|x86 = Release|x86
	EndGlobalSection
	GlobalSection(ProjectConfigurationPlatforms) = postSolution
		{88E0E383-C2FD-4AE5-9827-9934F5C521A4}.Debug|x64.ActiveCfg = Debug|x64
		{88E0E383-C2FD-4AE5-9827-9934F5C521A4}.Debug|x64.Build.0 = Debug|x64
		{88E0E383-C2FD-4AE5-9827-9934F5C521A4}.Debug|x86.ActiveCfg = Debug|Win32
		{88E0E383-C2FD-4AE5-9827-9934F5C521A4}.Debug|x86.Build.0 = Debug|Win32
		{88E0E383-C2FD-4AE5-9827-9934F5C521A4}.Release|x64.ActiveCfg = Release|x64
		{88E0E383-C2FD-4AE5-9827-9934F5C521A4}.Release|x64.Build.0 = Release|x64
		{88E0E383-C2FD-4AE5-9827-9934F5C521A4}.Release|x86.ActiveCfg = Release|Win32
		{88E0E383-C2FD-4AE5-9827-9934F5C521A4}.Release|x86.Build.0 = Release|Win32
	EndGlobalSection
	GlobalSection(SolutionProperties) = preSolution
		HideSolutionNode = FALSE
	EndGlobalSection
	GlobalSection(ExtensibilityGlobals) = postSolution
		SolutionGuid = {34AF4A15-5F6C-4478-8ECD-D959938D6541}
	EndGlobalSection
EndGlobal
