
Microsoft Visual Studio Solution File, Format Version 12.00
# Visual Studio 15
VisualStudioVersion = 15.0.28307.329
MinimumVisualStudioVersion = 10.0.40219.1
Project("{8BC9CEB8-8B4A-11D0-8D11-00A0C91BC942}") = "maze_0628_twoTree", "maze_0628_twoTree\maze_0628_twoTree.vcxproj", "{FFD38173-F5EE-41A7-AB43-B2225951E497}"
EndProject
Global
	GlobalSection(SolutionConfigurationPlatforms) = preSolution
		Debug|x64 = Debug|x64
		Debug|x86 = Debug|x86
		Release|x64 = Release|x64
		Release|x86 = Release|x86
	EndGlobalSection
	GlobalSection(ProjectConfigurationPlatforms) = postSolution
		{FFD38173-F5EE-41A7-AB43-B2225951E497}.Debug|x64.ActiveCfg = Debug|x64
		{FFD38173-F5EE-41A7-AB43-B2225951E497}.Debug|x64.Build.0 = Debug|x64
		{FFD38173-F5EE-41A7-AB43-B2225951E497}.Debug|x86.ActiveCfg = Debug|Win32
		{FFD38173-F5EE-41A7-AB43-B2225951E497}.Debug|x86.Build.0 = Debug|Win32
		{FFD38173-F5EE-41A7-AB43-B2225951E497}.Release|x64.ActiveCfg = Release|x64
		{FFD38173-F5EE-41A7-AB43-B2225951E497}.Release|x64.Build.0 = Release|x64
		{FFD38173-F5EE-41A7-AB43-B2225951E497}.Release|x86.ActiveCfg = Release|Win32
		{FFD38173-F5EE-41A7-AB43-B2225951E497}.Release|x86.Build.0 = Release|Win32
	EndGlobalSection
	GlobalSection(SolutionProperties) = preSolution
		HideSolutionNode = FALSE
	EndGlobalSection
	GlobalSection(ExtensibilityGlobals) = postSolution
		SolutionGuid = {6634831A-2C23-42CE-9909-BE5C0FD9239B}
	EndGlobalSection
EndGlobal
