
Microsoft Visual Studio Solution File, Format Version 12.00
# Visual Studio 15
VisualStudioVersion = 15.0.28307.705
MinimumVisualStudioVersion = 10.0.40219.1
Project("{8BC9CEB8-8B4A-11D0-8D11-00A0C91BC942}") = "maze_1216", "maze_1216\maze_1216.vcxproj", "{C4608CC2-4C03-4193-B581-D84E48370616}"
EndProject
Global
	GlobalSection(SolutionConfigurationPlatforms) = preSolution
		Debug|x64 = Debug|x64
		Debug|x86 = Debug|x86
		Release|x64 = Release|x64
		Release|x86 = Release|x86
	EndGlobalSection
	GlobalSection(ProjectConfigurationPlatforms) = postSolution
		{C4608CC2-4C03-4193-B581-D84E48370616}.Debug|x64.ActiveCfg = Debug|x64
		{C4608CC2-4C03-4193-B581-D84E48370616}.Debug|x64.Build.0 = Debug|x64
		{C4608CC2-4C03-4193-B581-D84E48370616}.Debug|x86.ActiveCfg = Debug|Win32
		{C4608CC2-4C03-4193-B581-D84E48370616}.Debug|x86.Build.0 = Debug|Win32
		{C4608CC2-4C03-4193-B581-D84E48370616}.Release|x64.ActiveCfg = Release|x64
		{C4608CC2-4C03-4193-B581-D84E48370616}.Release|x64.Build.0 = Release|x64
		{C4608CC2-4C03-4193-B581-D84E48370616}.Release|x86.ActiveCfg = Release|Win32
		{C4608CC2-4C03-4193-B581-D84E48370616}.Release|x86.Build.0 = Release|Win32
	EndGlobalSection
	GlobalSection(SolutionProperties) = preSolution
		HideSolutionNode = FALSE
	EndGlobalSection
	GlobalSection(ExtensibilityGlobals) = postSolution
		SolutionGuid = {0BBAD0FA-BFA1-4849-849A-7559E5029AEF}
	EndGlobalSection
EndGlobal
