
Microsoft Visual Studio Solution File, Format Version 12.00
# Visual Studio 15
VisualStudioVersion = 15.0.28307.329
MinimumVisualStudioVersion = 10.0.40219.1
Project("{8BC9CEB8-8B4A-11D0-8D11-00A0C91BC942}") = "maze_0505_图书管理系统", "maze_0505_图书管理系统\maze_0505_图书管理系统.vcxproj", "{636E9F50-6554-4C09-8F7C-EF7035C3EB13}"
EndProject
Global
	GlobalSection(SolutionConfigurationPlatforms) = preSolution
		Debug|x64 = Debug|x64
		Debug|x86 = Debug|x86
		Release|x64 = Release|x64
		Release|x86 = Release|x86
	EndGlobalSection
	GlobalSection(ProjectConfigurationPlatforms) = postSolution
		{636E9F50-6554-4C09-8F7C-EF7035C3EB13}.Debug|x64.ActiveCfg = Debug|x64
		{636E9F50-6554-4C09-8F7C-EF7035C3EB13}.Debug|x64.Build.0 = Debug|x64
		{636E9F50-6554-4C09-8F7C-EF7035C3EB13}.Debug|x86.ActiveCfg = Debug|Win32
		{636E9F50-6554-4C09-8F7C-EF7035C3EB13}.Debug|x86.Build.0 = Debug|Win32
		{636E9F50-6554-4C09-8F7C-EF7035C3EB13}.Release|x64.ActiveCfg = Release|x64
		{636E9F50-6554-4C09-8F7C-EF7035C3EB13}.Release|x64.Build.0 = Release|x64
		{636E9F50-6554-4C09-8F7C-EF7035C3EB13}.Release|x86.ActiveCfg = Release|Win32
		{636E9F50-6554-4C09-8F7C-EF7035C3EB13}.Release|x86.Build.0 = Release|Win32
	EndGlobalSection
	GlobalSection(SolutionProperties) = preSolution
		HideSolutionNode = FALSE
	EndGlobalSection
	GlobalSection(ExtensibilityGlobals) = postSolution
		SolutionGuid = {64FE23F1-6D88-4D70-81CB-138AB08FB227}
	EndGlobalSection
EndGlobal
