
Microsoft Visual Studio Solution File, Format Version 12.00
# Visual Studio 15
VisualStudioVersion = 15.0.28307.106
MinimumVisualStudioVersion = 10.0.40219.1
Project("{8BC9CEB8-8B4A-11D0-8D11-00A0C91BC942}") = "maze_0207", "maze_0207\maze_0207.vcxproj", "{6546CABE-AB4D-4994-9D48-D80E8C03C323}"
EndProject
Global
	GlobalSection(SolutionConfigurationPlatforms) = preSolution
		Debug|x64 = Debug|x64
		Debug|x86 = Debug|x86
		Release|x64 = Release|x64
		Release|x86 = Release|x86
	EndGlobalSection
	GlobalSection(ProjectConfigurationPlatforms) = postSolution
		{6546CABE-AB4D-4994-9D48-D80E8C03C323}.Debug|x64.ActiveCfg = Debug|x64
		{6546CABE-AB4D-4994-9D48-D80E8C03C323}.Debug|x64.Build.0 = Debug|x64
		{6546CABE-AB4D-4994-9D48-D80E8C03C323}.Debug|x86.ActiveCfg = Debug|Win32
		{6546CABE-AB4D-4994-9D48-D80E8C03C323}.Debug|x86.Build.0 = Debug|Win32
		{6546CABE-AB4D-4994-9D48-D80E8C03C323}.Release|x64.ActiveCfg = Release|x64
		{6546CABE-AB4D-4994-9D48-D80E8C03C323}.Release|x64.Build.0 = Release|x64
		{6546CABE-AB4D-4994-9D48-D80E8C03C323}.Release|x86.ActiveCfg = Release|Win32
		{6546CABE-AB4D-4994-9D48-D80E8C03C323}.Release|x86.Build.0 = Release|Win32
	EndGlobalSection
	GlobalSection(SolutionProperties) = preSolution
		HideSolutionNode = FALSE
	EndGlobalSection
	GlobalSection(ExtensibilityGlobals) = postSolution
		SolutionGuid = {C37DF6FD-4787-4A73-89DA-CCB51F6C0678}
	EndGlobalSection
EndGlobal
