
Microsoft Visual Studio Solution File, Format Version 12.00
# Visual Studio 15
VisualStudioVersion = 15.0.28307.705
MinimumVisualStudioVersion = 10.0.40219.1
Project("{8BC9CEB8-8B4A-11D0-8D11-00A0C91BC942}") = "maze_0711_c++", "maze_0711_c++\maze_0711_c++.vcxproj", "{0F16F798-E184-42BA-8F8E-BCDD421F50AA}"
EndProject
Global
	GlobalSection(SolutionConfigurationPlatforms) = preSolution
		Debug|x64 = Debug|x64
		Debug|x86 = Debug|x86
		Release|x64 = Release|x64
		Release|x86 = Release|x86
	EndGlobalSection
	GlobalSection(ProjectConfigurationPlatforms) = postSolution
		{0F16F798-E184-42BA-8F8E-BCDD421F50AA}.Debug|x64.ActiveCfg = Debug|x64
		{0F16F798-E184-42BA-8F8E-BCDD421F50AA}.Debug|x64.Build.0 = Debug|x64
		{0F16F798-E184-42BA-8F8E-BCDD421F50AA}.Debug|x86.ActiveCfg = Debug|Win32
		{0F16F798-E184-42BA-8F8E-BCDD421F50AA}.Debug|x86.Build.0 = Debug|Win32
		{0F16F798-E184-42BA-8F8E-BCDD421F50AA}.Release|x64.ActiveCfg = Release|x64
		{0F16F798-E184-42BA-8F8E-BCDD421F50AA}.Release|x64.Build.0 = Release|x64
		{0F16F798-E184-42BA-8F8E-BCDD421F50AA}.Release|x86.ActiveCfg = Release|Win32
		{0F16F798-E184-42BA-8F8E-BCDD421F50AA}.Release|x86.Build.0 = Release|Win32
	EndGlobalSection
	GlobalSection(SolutionProperties) = preSolution
		HideSolutionNode = FALSE
	EndGlobalSection
	GlobalSection(ExtensibilityGlobals) = postSolution
		SolutionGuid = {2904BB4D-FE32-4B4B-B7C4-1FC5D3C22BFB}
	EndGlobalSection
EndGlobal
