
Microsoft Visual Studio Solution File, Format Version 12.00
# Visual Studio 15
VisualStudioVersion = 15.0.28307.329
MinimumVisualStudioVersion = 10.0.40219.1
Project("{8BC9CEB8-8B4A-11D0-8D11-00A0C91BC942}") = "maze_0307", "maze_0307\maze_0307.vcxproj", "{01763619-7A08-4E98-A6E0-FE9FB5F1F83D}"
EndProject
Global
	GlobalSection(SolutionConfigurationPlatforms) = preSolution
		Debug|x64 = Debug|x64
		Debug|x86 = Debug|x86
		Release|x64 = Release|x64
		Release|x86 = Release|x86
	EndGlobalSection
	GlobalSection(ProjectConfigurationPlatforms) = postSolution
		{01763619-7A08-4E98-A6E0-FE9FB5F1F83D}.Debug|x64.ActiveCfg = Debug|x64
		{01763619-7A08-4E98-A6E0-FE9FB5F1F83D}.Debug|x64.Build.0 = Debug|x64
		{01763619-7A08-4E98-A6E0-FE9FB5F1F83D}.Debug|x86.ActiveCfg = Debug|Win32
		{01763619-7A08-4E98-A6E0-FE9FB5F1F83D}.Debug|x86.Build.0 = Debug|Win32
		{01763619-7A08-4E98-A6E0-FE9FB5F1F83D}.Release|x64.ActiveCfg = Release|x64
		{01763619-7A08-4E98-A6E0-FE9FB5F1F83D}.Release|x64.Build.0 = Release|x64
		{01763619-7A08-4E98-A6E0-FE9FB5F1F83D}.Release|x86.ActiveCfg = Release|Win32
		{01763619-7A08-4E98-A6E0-FE9FB5F1F83D}.Release|x86.Build.0 = Release|Win32
	EndGlobalSection
	GlobalSection(SolutionProperties) = preSolution
		HideSolutionNode = FALSE
	EndGlobalSection
	GlobalSection(ExtensibilityGlobals) = postSolution
		SolutionGuid = {D19E5025-4DA6-41E9-B800-7C8C81AC574C}
	EndGlobalSection
EndGlobal
