
Microsoft Visual Studio Solution File, Format Version 12.00
# Visual Studio 15
VisualStudioVersion = 15.0.28307.705
MinimumVisualStudioVersion = 10.0.40219.1
Project("{8BC9CEB8-8B4A-11D0-8D11-00A0C91BC942}") = "maze_0726_", "maze_0726_\maze_0726_.vcxproj", "{370833C9-81E5-40CB-9082-C872D4D731D7}"
EndProject
Global
	GlobalSection(SolutionConfigurationPlatforms) = preSolution
		Debug|x64 = Debug|x64
		Debug|x86 = Debug|x86
		Release|x64 = Release|x64
		Release|x86 = Release|x86
	EndGlobalSection
	GlobalSection(ProjectConfigurationPlatforms) = postSolution
		{370833C9-81E5-40CB-9082-C872D4D731D7}.Debug|x64.ActiveCfg = Debug|x64
		{370833C9-81E5-40CB-9082-C872D4D731D7}.Debug|x64.Build.0 = Debug|x64
		{370833C9-81E5-40CB-9082-C872D4D731D7}.Debug|x86.ActiveCfg = Debug|Win32
		{370833C9-81E5-40CB-9082-C872D4D731D7}.Debug|x86.Build.0 = Debug|Win32
		{370833C9-81E5-40CB-9082-C872D4D731D7}.Release|x64.ActiveCfg = Release|x64
		{370833C9-81E5-40CB-9082-C872D4D731D7}.Release|x64.Build.0 = Release|x64
		{370833C9-81E5-40CB-9082-C872D4D731D7}.Release|x86.ActiveCfg = Release|Win32
		{370833C9-81E5-40CB-9082-C872D4D731D7}.Release|x86.Build.0 = Release|Win32
	EndGlobalSection
	GlobalSection(SolutionProperties) = preSolution
		HideSolutionNode = FALSE
	EndGlobalSection
	GlobalSection(ExtensibilityGlobals) = postSolution
		SolutionGuid = {1FB3B7C3-DD9A-4A03-A916-AE2B31B53E26}
	EndGlobalSection
EndGlobal
