
Microsoft Visual Studio Solution File, Format Version 12.00
# Visual Studio 15
VisualStudioVersion = 15.0.28307.705
MinimumVisualStudioVersion = 10.0.40219.1
Project("{8BC9CEB8-8B4A-11D0-8D11-00A0C91BC942}") = "maze_0809_AVL", "maze_0809_AVL\maze_0809_AVL.vcxproj", "{18831189-0AAF-4A2C-90DD-07DA59483D8D}"
EndProject
Global
	GlobalSection(SolutionConfigurationPlatforms) = preSolution
		Debug|x64 = Debug|x64
		Debug|x86 = Debug|x86
		Release|x64 = Release|x64
		Release|x86 = Release|x86
	EndGlobalSection
	GlobalSection(ProjectConfigurationPlatforms) = postSolution
		{18831189-0AAF-4A2C-90DD-07DA59483D8D}.Debug|x64.ActiveCfg = Debug|x64
		{18831189-0AAF-4A2C-90DD-07DA59483D8D}.Debug|x64.Build.0 = Debug|x64
		{18831189-0AAF-4A2C-90DD-07DA59483D8D}.Debug|x86.ActiveCfg = Debug|Win32
		{18831189-0AAF-4A2C-90DD-07DA59483D8D}.Debug|x86.Build.0 = Debug|Win32
		{18831189-0AAF-4A2C-90DD-07DA59483D8D}.Release|x64.ActiveCfg = Release|x64
		{18831189-0AAF-4A2C-90DD-07DA59483D8D}.Release|x64.Build.0 = Release|x64
		{18831189-0AAF-4A2C-90DD-07DA59483D8D}.Release|x86.ActiveCfg = Release|Win32
		{18831189-0AAF-4A2C-90DD-07DA59483D8D}.Release|x86.Build.0 = Release|Win32
	EndGlobalSection
	GlobalSection(SolutionProperties) = preSolution
		HideSolutionNode = FALSE
	EndGlobalSection
	GlobalSection(ExtensibilityGlobals) = postSolution
		SolutionGuid = {1592E54A-E99C-45E0-87C4-9D67D9473C94}
	EndGlobalSection
EndGlobal
